
Microsoft Visual Studio Solution File, Format Version 12.00
# Visual Studio Version 17
VisualStudioVersion = 17.3.32922.545
MinimumVisualStudioVersion = 10.0.40219.1
Project("{FAE04EC0-301F-11D3-BF4B-00C04F79EFBC}") = "ConsoleApp5", "ConsoleApp5\ConsoleApp5.csproj", "{DC3F5A97-9EA2-4DD3-9D99-0304B2CCAC62}"
EndProject
Global
	GlobalSection(SolutionConfigurationPlatforms) = preSolution
		Debug|Any CPU = Debug|Any CPU
		Release|Any CPU = Release|Any CPU
	EndGlobalSection
	GlobalSection(ProjectConfigurationPlatforms) = postSolution
		{DC3F5A97-9EA2-4DD3-9D99-0304B2CCAC62}.Debug|Any CPU.ActiveCfg = Debug|Any CPU
		{DC3F5A97-9EA2-4DD3-9D99-0304B2CCAC62}.Debug|Any CPU.Build.0 = Debug|Any CPU
		{DC3F5A97-9EA2-4DD3-9D99-0304B2CCAC62}.Release|Any CPU.ActiveCfg = Release|Any CPU
		{DC3F5A97-9EA2-4DD3-9D99-0304B2CCAC62}.Release|Any CPU.Build.0 = Release|Any CPU
	EndGlobalSection
	GlobalSection(SolutionProperties) = preSolution
		HideSolutionNode = FALSE
	EndGlobalSection
	GlobalSection(ExtensibilityGlobals) = postSolution
		SolutionGuid = {CD1701E9-1B48-4A6E-9714-527ED1296B83}
	EndGlobalSection
EndGlobal
